
Microsoft Visual Studio Solution File, Format Version 12.00
# Visual Studio Version 16
VisualStudioVersion = 16.0.28917.181
MinimumVisualStudioVersion = 10.0.40219.1
Project("{9A19103F-16F7-4668-BE54-9A1E7A4F7556}") = "LayoutEditor.UI", "LayoutEditor.UI\LayoutEditor.UI.csproj", "{4119D7A4-28EC-40EF-8329-1249B0FF3EEA}"
EndProject
Global
	GlobalSection(SolutionConfigurationPlatforms) = preSolution
		Debug|x64 = Debug|x64
		Release|x64 = Release|x64
	EndGlobalSection
	GlobalSection(ProjectConfigurationPlatforms) = postSolution
		{4119D7A4-28EC-40EF-8329-1249B0FF3EEA}.Debug|x64.ActiveCfg = Debug|x64
		{4119D7A4-28EC-40EF-8329-1249B0FF3EEA}.Debug|x64.Build.0 = Debug|x64
		{4119D7A4-28EC-40EF-8329-1249B0FF3EEA}.Release|x64.ActiveCfg = Release|x64
		{4119D7A4-28EC-40EF-8329-1249B0FF3EEA}.Release|x64.Build.0 = Release|x64
	EndGlobalSection
	GlobalSection(SolutionProperties) = preSolution
		HideSolutionNode = FALSE
	EndGlobalSection
	GlobalSection(ExtensibilityGlobals) = postSolution
		SolutionGuid = {6CDD1634-8004-4BD3-A61E-AAB4770B9FA2}
	EndGlobalSection
EndGlobal
